
Microsoft Visual Studio Solution File, Format Version 12.00
# Visual Studio 15
VisualStudioVersion = 15.0.27428.2037
MinimumVisualStudioVersion = 10.0.40219.1
Project("{8BC9CEB8-8B4A-11D0-8D11-00A0C91BC942}") = "Structs", "Structs\Structs.vcxproj", "{54DCD1C6-E557-4838-974A-AD94A6689F6C}"
EndProject
Global
	GlobalSection(SolutionConfigurationPlatforms) = preSolution
		Debug|x64 = Debug|x64
		Debug|x86 = Debug|x86
		Release|x64 = Release|x64
		Release|x86 = Release|x86
	EndGlobalSection
	GlobalSection(ProjectConfigurationPlatforms) = postSolution
		{54DCD1C6-E557-4838-974A-AD94A6689F6C}.Debug|x64.ActiveCfg = Debug|x64
		{54DCD1C6-E557-4838-974A-AD94A6689F6C}.Debug|x64.Build.0 = Debug|x64
		{54DCD1C6-E557-4838-974A-AD94A6689F6C}.Debug|x86.ActiveCfg = Debug|Win32
		{54DCD1C6-E557-4838-974A-AD94A6689F6C}.Debug|x86.Build.0 = Debug|Win32
		{54DCD1C6-E557-4838-974A-AD94A6689F6C}.Release|x64.ActiveCfg = Release|x64
		{54DCD1C6-E557-4838-974A-AD94A6689F6C}.Release|x64.Build.0 = Release|x64
		{54DCD1C6-E557-4838-974A-AD94A6689F6C}.Release|x86.ActiveCfg = Release|Win32
		{54DCD1C6-E557-4838-974A-AD94A6689F6C}.Release|x86.Build.0 = Release|Win32
	EndGlobalSection
	GlobalSection(SolutionProperties) = preSolution
		HideSolutionNode = FALSE
	EndGlobalSection
	GlobalSection(ExtensibilityGlobals) = postSolution
		SolutionGuid = {4D96344D-72D7-4C3D-A3E3-ABC31BD144D6}
	EndGlobalSection
EndGlobal
