
Microsoft Visual Studio Solution File, Format Version 12.00
# Visual Studio 15
VisualStudioVersion = 15.0.27703.2047
MinimumVisualStudioVersion = 10.0.40219.1
Project("{8BC9CEB8-8B4A-11D0-8D11-00A0C91BC942}") = "Queues and Stacks", "Queues and Stacks.vcxproj", "{FD45AFB7-FC76-428E-AD76-711588E3B987}"
EndProject
Global
	GlobalSection(SolutionConfigurationPlatforms) = preSolution
		Debug|x64 = Debug|x64
		Debug|x86 = Debug|x86
		Release|x64 = Release|x64
		Release|x86 = Release|x86
	EndGlobalSection
	GlobalSection(ProjectConfigurationPlatforms) = postSolution
		{FD45AFB7-FC76-428E-AD76-711588E3B987}.Debug|x64.ActiveCfg = Debug|x64
		{FD45AFB7-FC76-428E-AD76-711588E3B987}.Debug|x64.Build.0 = Debug|x64
		{FD45AFB7-FC76-428E-AD76-711588E3B987}.Debug|x86.ActiveCfg = Debug|Win32
		{FD45AFB7-FC76-428E-AD76-711588E3B987}.Debug|x86.Build.0 = Debug|Win32
		{FD45AFB7-FC76-428E-AD76-711588E3B987}.Release|x64.ActiveCfg = Release|x64
		{FD45AFB7-FC76-428E-AD76-711588E3B987}.Release|x64.Build.0 = Release|x64
		{FD45AFB7-FC76-428E-AD76-711588E3B987}.Release|x86.ActiveCfg = Release|Win32
		{FD45AFB7-FC76-428E-AD76-711588E3B987}.Release|x86.Build.0 = Release|Win32
	EndGlobalSection
	GlobalSection(SolutionProperties) = preSolution
		HideSolutionNode = FALSE
	EndGlobalSection
	GlobalSection(ExtensibilityGlobals) = postSolution
		SolutionGuid = {EFB75ED5-3ED7-4DC4-8932-046D07C8BD02}
	EndGlobalSection
EndGlobal
